
Microsoft Visual Studio Solution File, Format Version 12.00
# Visual Studio Version 16
VisualStudioVersion = 16.0.29709.97
MinimumVisualStudioVersion = 10.0.40219.1
Project("{FAE04EC0-301F-11D3-BF4B-00C04F79EFBC}") = "TicTacToe.Android", "TicTacToe\TicTacToe.Android\TicTacToe.Android.csproj", "{F483BE96-BCDE-44B1-A389-9D83BE434786}"
EndProject
Project("{FAE04EC0-301F-11D3-BF4B-00C04F79EFBC}") = "TicTacToe", "TicTacToe\TicTacToe\TicTacToe.csproj", "{C5E6413A-5C3B-4AFD-89CD-8A7B0FCC4704}"
EndProject
Global
	GlobalSection(SolutionConfigurationPlatforms) = preSolution
		Debug|Any CPU = Debug|Any CPU
		Release|Any CPU = Release|Any CPU
	EndGlobalSection
	GlobalSection(ProjectConfigurationPlatforms) = postSolution
		{F483BE96-BCDE-44B1-A389-9D83BE434786}.Debug|Any CPU.ActiveCfg = Debug|Any CPU
		{F483BE96-BCDE-44B1-A389-9D83BE434786}.Debug|Any CPU.Build.0 = Debug|Any CPU
		{F483BE96-BCDE-44B1-A389-9D83BE434786}.Debug|Any CPU.Deploy.0 = Debug|Any CPU
		{F483BE96-BCDE-44B1-A389-9D83BE434786}.Release|Any CPU.ActiveCfg = Release|Any CPU
		{F483BE96-BCDE-44B1-A389-9D83BE434786}.Release|Any CPU.Build.0 = Release|Any CPU
		{F483BE96-BCDE-44B1-A389-9D83BE434786}.Release|Any CPU.Deploy.0 = Release|Any CPU
		{C5E6413A-5C3B-4AFD-89CD-8A7B0FCC4704}.Debug|Any CPU.ActiveCfg = Debug|Any CPU
		{C5E6413A-5C3B-4AFD-89CD-8A7B0FCC4704}.Debug|Any CPU.Build.0 = Debug|Any CPU
		{C5E6413A-5C3B-4AFD-89CD-8A7B0FCC4704}.Debug|Any CPU.Deploy.0 = Debug|Any CPU
		{C5E6413A-5C3B-4AFD-89CD-8A7B0FCC4704}.Release|Any CPU.ActiveCfg = Release|Any CPU
		{C5E6413A-5C3B-4AFD-89CD-8A7B0FCC4704}.Release|Any CPU.Build.0 = Release|Any CPU
		{C5E6413A-5C3B-4AFD-89CD-8A7B0FCC4704}.Release|Any CPU.Deploy.0 = Release|Any CPU
	EndGlobalSection
	GlobalSection(SolutionProperties) = preSolution
		HideSolutionNode = FALSE
	EndGlobalSection
	GlobalSection(ExtensibilityGlobals) = postSolution
		SolutionGuid = {F45F6829-0CA4-4483-A0A2-952BC5E79758}
	EndGlobalSection
EndGlobal
