
Microsoft Visual Studio Solution File, Format Version 12.00
# Visual Studio Version 16
VisualStudioVersion = 16.0.29709.97
MinimumVisualStudioVersion = 10.0.40219.1
Project("{FAE04EC0-301F-11D3-BF4B-00C04F79EFBC}") = "HelloWorld.Android", "HelloWorld\HelloWorld.Android\HelloWorld.Android.csproj", "{27DD4B82-9F4D-4B91-86F9-F38521C555EA}"
EndProject
Project("{FAE04EC0-301F-11D3-BF4B-00C04F79EFBC}") = "HelloWorld", "HelloWorld\HelloWorld\HelloWorld.csproj", "{2C447E19-DB54-4F15-A4E7-8F8B47B737E9}"
EndProject
Global
	GlobalSection(SolutionConfigurationPlatforms) = preSolution
		Debug|Any CPU = Debug|Any CPU
		Debug|iPhone = Debug|iPhone
		Debug|iPhoneSimulator = Debug|iPhoneSimulator
		Release|Any CPU = Release|Any CPU
		Release|iPhone = Release|iPhone
		Release|iPhoneSimulator = Release|iPhoneSimulator
	EndGlobalSection
	GlobalSection(ProjectConfigurationPlatforms) = postSolution
		{27DD4B82-9F4D-4B91-86F9-F38521C555EA}.Debug|Any CPU.ActiveCfg = Debug|Any CPU
		{27DD4B82-9F4D-4B91-86F9-F38521C555EA}.Debug|Any CPU.Build.0 = Debug|Any CPU
		{27DD4B82-9F4D-4B91-86F9-F38521C555EA}.Debug|Any CPU.Deploy.0 = Debug|Any CPU
		{27DD4B82-9F4D-4B91-86F9-F38521C555EA}.Debug|iPhone.ActiveCfg = Debug|Any CPU
		{27DD4B82-9F4D-4B91-86F9-F38521C555EA}.Debug|iPhone.Build.0 = Debug|Any CPU
		{27DD4B82-9F4D-4B91-86F9-F38521C555EA}.Debug|iPhone.Deploy.0 = Debug|Any CPU
		{27DD4B82-9F4D-4B91-86F9-F38521C555EA}.Debug|iPhoneSimulator.ActiveCfg = Debug|Any CPU
		{27DD4B82-9F4D-4B91-86F9-F38521C555EA}.Debug|iPhoneSimulator.Build.0 = Debug|Any CPU
		{27DD4B82-9F4D-4B91-86F9-F38521C555EA}.Debug|iPhoneSimulator.Deploy.0 = Debug|Any CPU
		{27DD4B82-9F4D-4B91-86F9-F38521C555EA}.Release|Any CPU.ActiveCfg = Release|Any CPU
		{27DD4B82-9F4D-4B91-86F9-F38521C555EA}.Release|Any CPU.Build.0 = Release|Any CPU
		{27DD4B82-9F4D-4B91-86F9-F38521C555EA}.Release|Any CPU.Deploy.0 = Release|Any CPU
		{27DD4B82-9F4D-4B91-86F9-F38521C555EA}.Release|iPhone.ActiveCfg = Release|Any CPU
		{27DD4B82-9F4D-4B91-86F9-F38521C555EA}.Release|iPhone.Build.0 = Release|Any CPU
		{27DD4B82-9F4D-4B91-86F9-F38521C555EA}.Release|iPhone.Deploy.0 = Release|Any CPU
		{27DD4B82-9F4D-4B91-86F9-F38521C555EA}.Release|iPhoneSimulator.ActiveCfg = Release|Any CPU
		{27DD4B82-9F4D-4B91-86F9-F38521C555EA}.Release|iPhoneSimulator.Build.0 = Release|Any CPU
		{27DD4B82-9F4D-4B91-86F9-F38521C555EA}.Release|iPhoneSimulator.Deploy.0 = Release|Any CPU
		{2C447E19-DB54-4F15-A4E7-8F8B47B737E9}.Debug|Any CPU.ActiveCfg = Debug|Any CPU
		{2C447E19-DB54-4F15-A4E7-8F8B47B737E9}.Debug|Any CPU.Build.0 = Debug|Any CPU
		{2C447E19-DB54-4F15-A4E7-8F8B47B737E9}.Debug|Any CPU.Deploy.0 = Debug|Any CPU
		{2C447E19-DB54-4F15-A4E7-8F8B47B737E9}.Debug|iPhone.ActiveCfg = Debug|Any CPU
		{2C447E19-DB54-4F15-A4E7-8F8B47B737E9}.Debug|iPhone.Build.0 = Debug|Any CPU
		{2C447E19-DB54-4F15-A4E7-8F8B47B737E9}.Debug|iPhone.Deploy.0 = Debug|Any CPU
		{2C447E19-DB54-4F15-A4E7-8F8B47B737E9}.Debug|iPhoneSimulator.ActiveCfg = Debug|Any CPU
		{2C447E19-DB54-4F15-A4E7-8F8B47B737E9}.Debug|iPhoneSimulator.Build.0 = Debug|Any CPU
		{2C447E19-DB54-4F15-A4E7-8F8B47B737E9}.Debug|iPhoneSimulator.Deploy.0 = Debug|Any CPU
		{2C447E19-DB54-4F15-A4E7-8F8B47B737E9}.Release|Any CPU.ActiveCfg = Release|Any CPU
		{2C447E19-DB54-4F15-A4E7-8F8B47B737E9}.Release|Any CPU.Build.0 = Release|Any CPU
		{2C447E19-DB54-4F15-A4E7-8F8B47B737E9}.Release|Any CPU.Deploy.0 = Release|Any CPU
		{2C447E19-DB54-4F15-A4E7-8F8B47B737E9}.Release|iPhone.ActiveCfg = Release|Any CPU
		{2C447E19-DB54-4F15-A4E7-8F8B47B737E9}.Release|iPhone.Build.0 = Release|Any CPU
		{2C447E19-DB54-4F15-A4E7-8F8B47B737E9}.Release|iPhone.Deploy.0 = Release|Any CPU
		{2C447E19-DB54-4F15-A4E7-8F8B47B737E9}.Release|iPhoneSimulator.ActiveCfg = Release|Any CPU
		{2C447E19-DB54-4F15-A4E7-8F8B47B737E9}.Release|iPhoneSimulator.Build.0 = Release|Any CPU
		{2C447E19-DB54-4F15-A4E7-8F8B47B737E9}.Release|iPhoneSimulator.Deploy.0 = Release|Any CPU
	EndGlobalSection
	GlobalSection(SolutionProperties) = preSolution
		HideSolutionNode = FALSE
	EndGlobalSection
	GlobalSection(ExtensibilityGlobals) = postSolution
		SolutionGuid = {6DBD1052-9066-4012-986F-A52C84B20923}
	EndGlobalSection
EndGlobal
